
Microsoft Visual Studio Solution File, Format Version 12.00
# Visual Studio Version 16
VisualStudioVersion = 16.0.29509.3
MinimumVisualStudioVersion = 10.0.40219.1
Project("{FAE04EC0-301F-11D3-BF4B-00C04F79EFBC}") = "Entities", "Entities\Entities.csproj", "{75342850-7A05-4387-B6E2-A202CEEBD071}"
EndProject
Project("{FAE04EC0-301F-11D3-BF4B-00C04F79EFBC}") = "DataAccess", "DataAccess\DataAccess.csproj", "{21F6C331-B9EE-4057-ADF4-785D60AF5A50}"
EndProject
Project("{FAE04EC0-301F-11D3-BF4B-00C04F79EFBC}") = "Business", "Business\Business.csproj", "{4C66C8F9-D93D-4FFE-B418-FBE25027B12B}"
EndProject
Project("{FAE04EC0-301F-11D3-BF4B-00C04F79EFBC}") = "Core", "Core\Core.csproj", "{92AA2EB6-449C-4D3E-A4EB-001691234856}"
EndProject
Project("{FAE04EC0-301F-11D3-BF4B-00C04F79EFBC}") = "WebAPI", "WebAPI\WebAPI.csproj", "{6EC2ADF2-AF06-4142-8F37-69552F874B9C}"
EndProject
Global
	GlobalSection(SolutionConfigurationPlatforms) = preSolution
		Debug|Any CPU = Debug|Any CPU
		Release|Any CPU = Release|Any CPU
	EndGlobalSection
	GlobalSection(ProjectConfigurationPlatforms) = postSolution
		{75342850-7A05-4387-B6E2-A202CEEBD071}.Debug|Any CPU.ActiveCfg = Debug|Any CPU
		{75342850-7A05-4387-B6E2-A202CEEBD071}.Debug|Any CPU.Build.0 = Debug|Any CPU
		{75342850-7A05-4387-B6E2-A202CEEBD071}.Release|Any CPU.ActiveCfg = Release|Any CPU
		{75342850-7A05-4387-B6E2-A202CEEBD071}.Release|Any CPU.Build.0 = Release|Any CPU
		{21F6C331-B9EE-4057-ADF4-785D60AF5A50}.Debug|Any CPU.ActiveCfg = Debug|Any CPU
		{21F6C331-B9EE-4057-ADF4-785D60AF5A50}.Debug|Any CPU.Build.0 = Debug|Any CPU
		{21F6C331-B9EE-4057-ADF4-785D60AF5A50}.Release|Any CPU.ActiveCfg = Release|Any CPU
		{21F6C331-B9EE-4057-ADF4-785D60AF5A50}.Release|Any CPU.Build.0 = Release|Any CPU
		{4C66C8F9-D93D-4FFE-B418-FBE25027B12B}.Debug|Any CPU.ActiveCfg = Debug|Any CPU
		{4C66C8F9-D93D-4FFE-B418-FBE25027B12B}.Debug|Any CPU.Build.0 = Debug|Any CPU
		{4C66C8F9-D93D-4FFE-B418-FBE25027B12B}.Release|Any CPU.ActiveCfg = Release|Any CPU
		{4C66C8F9-D93D-4FFE-B418-FBE25027B12B}.Release|Any CPU.Build.0 = Release|Any CPU
		{92AA2EB6-449C-4D3E-A4EB-001691234856}.Debug|Any CPU.ActiveCfg = Debug|Any CPU
		{92AA2EB6-449C-4D3E-A4EB-001691234856}.Debug|Any CPU.Build.0 = Debug|Any CPU
		{92AA2EB6-449C-4D3E-A4EB-001691234856}.Release|Any CPU.ActiveCfg = Release|Any CPU
		{92AA2EB6-449C-4D3E-A4EB-001691234856}.Release|Any CPU.Build.0 = Release|Any CPU
		{6EC2ADF2-AF06-4142-8F37-69552F874B9C}.Debug|Any CPU.ActiveCfg = Debug|Any CPU
		{6EC2ADF2-AF06-4142-8F37-69552F874B9C}.Debug|Any CPU.Build.0 = Debug|Any CPU
		{6EC2ADF2-AF06-4142-8F37-69552F874B9C}.Release|Any CPU.ActiveCfg = Release|Any CPU
		{6EC2ADF2-AF06-4142-8F37-69552F874B9C}.Release|Any CPU.Build.0 = Release|Any CPU
	EndGlobalSection
	GlobalSection(SolutionProperties) = preSolution
		HideSolutionNode = FALSE
	EndGlobalSection
	GlobalSection(ExtensibilityGlobals) = postSolution
		SolutionGuid = {3CE63A7E-3109-4EB8-834E-B9510E46A13C}
	EndGlobalSection
EndGlobal
